
Microsoft Visual Studio Solution File, Format Version 12.00
# Visual Studio Version 17
VisualStudioVersion = 17.5.002.0
MinimumVisualStudioVersion = 10.0.40219.1
Project("{9A19103F-16F7-4668-BE54-9A1E7A4F7556}") = "EfCoreQueryToolbar", "EfCoreQueryToolbar.csproj", "{2EECF2D2-A905-4D13-8296-9B18AFA0C989}"
EndProject
Global
	GlobalSection(SolutionConfigurationPlatforms) = preSolution
		Debug|Any CPU = Debug|Any CPU
		Release|Any CPU = Release|Any CPU
	EndGlobalSection
	GlobalSection(ProjectConfigurationPlatforms) = postSolution
		{2EECF2D2-A905-4D13-8296-9B18AFA0C989}.Debug|Any CPU.ActiveCfg = Debug|Any CPU
		{2EECF2D2-A905-4D13-8296-9B18AFA0C989}.Debug|Any CPU.Build.0 = Debug|Any CPU
		{2EECF2D2-A905-4D13-8296-9B18AFA0C989}.Release|Any CPU.ActiveCfg = Release|Any CPU
		{2EECF2D2-A905-4D13-8296-9B18AFA0C989}.Release|Any CPU.Build.0 = Release|Any CPU
	EndGlobalSection
	GlobalSection(SolutionProperties) = preSolution
		HideSolutionNode = FALSE
	EndGlobalSection
	GlobalSection(ExtensibilityGlobals) = postSolution
		SolutionGuid = {14BEC575-9C68-4CA0-98FF-C3F833EDA4AA}
	EndGlobalSection
EndGlobal
